{
  "object": {
    "pins": [
      {
        "package": "Grid",
        "repositoryURL": "https://github.com/swift-extensions/swiftui-extensions.git",
        "state": {
          "branch": null,
          "revision": "978cc2eae7ced4a4d3cf9b6728503edc62a2969f",
          "version": "1.0.0"
        }
      },
      {
        "package": "Swinject",
        "repositoryURL": "https://github.com/Swinject/Swinject.git",
        "state": {
          "branch": null,
          "revision": "8a76d2c74bafbb455763487cc6a08e91bad1f78b",
          "version": "2.7.1"
        }
      },
      {
        "package": "URLImage",
        "repositoryURL": "https://github.com/dmytro-anokhin/url-image",
        "state": {
          "branch": null,
          "revision": "fb0b3c26749ae933c0c80fc0a83c53b8a8c012fe",
          "version": "0.9.12"
        }
      }
    ]
  },
  "version": 1
}
