// !$*UTF8*$!
{
	archiveVersion = 1;
	classes = {
	};
	objectVersion = 52;
	objects = {

/* Begin PBXBuildFile section */
		CE07D436242B6D6A001F8311 /* Localizable.strings in Resources */ = {isa = PBXBuildFile; fileRef = CE07D438242B6D6A001F8311 /* Localizable.strings */; };
		CE52960524280E910003D4D9 /* Story.swift in Sources */ = {isa = PBXBuildFile; fileRef = CE52960424280E910003D4D9 /* Story.swift */; };
		CE529607242813500003D4D9 /* Color+Hex.swift in Sources */ = {isa = PBXBuildFile; fileRef = CE529606242813500003D4D9 /* Color+Hex.swift */; };
		CE52960A242816150003D4D9 /* URLImage in Frameworks */ = {isa = PBXBuildFile; productRef = CE529609242816150003D4D9 /* URLImage */; };
		CE52960C24281E380003D4D9 /* FeedViewModel.swift in Sources */ = {isa = PBXBuildFile; fileRef = CE52960B24281E380003D4D9 /* FeedViewModel.swift */; };
		CE52960E242B62F70003D4D9 /* Theme.swift in Sources */ = {isa = PBXBuildFile; fileRef = CE52960D242B62F70003D4D9 /* Theme.swift */; };
		CE529613242B661B0003D4D9 /* Log.swift in Sources */ = {isa = PBXBuildFile; fileRef = CE529612242B661B0003D4D9 /* Log.swift */; };
		CE529619242B6AF20003D4D9 /* Localization.swift in Sources */ = {isa = PBXBuildFile; fileRef = CE529618242B6AF20003D4D9 /* Localization.swift */; };
		CEA095542427EAB200F81928 /* AppDelegate.swift in Sources */ = {isa = PBXBuildFile; fileRef = CEA095532427EAB200F81928 /* AppDelegate.swift */; };
		CEA095562427EAB200F81928 /* SceneDelegate.swift in Sources */ = {isa = PBXBuildFile; fileRef = CEA095552427EAB200F81928 /* SceneDelegate.swift */; };
		CEA095582427EAB200F81928 /* ContentView.swift in Sources */ = {isa = PBXBuildFile; fileRef = CEA095572427EAB200F81928 /* ContentView.swift */; };
		CEA0955A2427EAB500F81928 /* Assets.xcassets in Resources */ = {isa = PBXBuildFile; fileRef = CEA095592427EAB500F81928 /* Assets.xcassets */; };
		CEA0955D2427EAB500F81928 /* Preview Assets.xcassets in Resources */ = {isa = PBXBuildFile; fileRef = CEA0955C2427EAB500F81928 /* Preview Assets.xcassets */; };
		CEA095602427EAB500F81928 /* LaunchScreen.storyboard in Resources */ = {isa = PBXBuildFile; fileRef = CEA0955E2427EAB500F81928 /* LaunchScreen.storyboard */; };
		CEA0956B2427EAB600F81928 /* StellerTests.swift in Sources */ = {isa = PBXBuildFile; fileRef = CEA0956A2427EAB600F81928 /* StellerTests.swift */; };
		CEA095762427EAB600F81928 /* StellerUITests.swift in Sources */ = {isa = PBXBuildFile; fileRef = CEA095752427EAB600F81928 /* StellerUITests.swift */; };
		CEA095852427EB0600F81928 /* Swinject in Frameworks */ = {isa = PBXBuildFile; productRef = CEA095842427EB0600F81928 /* Swinject */; };
		CEA095882427ED6900F81928 /* Grid in Frameworks */ = {isa = PBXBuildFile; productRef = CEA095872427ED6900F81928 /* Grid */; };
		CEA0958A2427F21200F81928 /* Card.swift in Sources */ = {isa = PBXBuildFile; fileRef = CEA095892427F21200F81928 /* Card.swift */; };
		CEA0958C2428024800F81928 /* HostingViewController.swift in Sources */ = {isa = PBXBuildFile; fileRef = CEA0958B2428024800F81928 /* HostingViewController.swift */; };
/* End PBXBuildFile section */

/* Begin PBXContainerItemProxy section */
		CEA095672427EAB600F81928 /* PBXContainerItemProxy */ = {
			isa = PBXContainerItemProxy;
			containerPortal = CEA095482427EAB200F81928 /* Project object */;
			proxyType = 1;
			remoteGlobalIDString = CEA0954F2427EAB200F81928;
			remoteInfo = Steller;
		};
		CEA095722427EAB600F81928 /* PBXContainerItemProxy */ = {
			isa = PBXContainerItemProxy;
			containerPortal = CEA095482427EAB200F81928 /* Project object */;
			proxyType = 1;
			remoteGlobalIDString = CEA0954F2427EAB200F81928;
			remoteInfo = Steller;
		};
/* End PBXContainerItemProxy section */

/* Begin PBXFileReference section */
		CE07D437242B6D6A001F8311 /* en */ = {isa = PBXFileReference; lastKnownFileType = text.plist.strings; name = en; path = en.lproj/Localizable.strings; sourceTree = "<group>"; };
		CE07D43E242B6EE1001F8311 /* Base */ = {isa = PBXFileReference; lastKnownFileType = file.storyboard; name = Base; path = Base.lproj/LaunchScreen.storyboard; sourceTree = "<group>"; };
		CE07D43F242B6EF3001F8311 /* cs */ = {isa = PBXFileReference; lastKnownFileType = text.plist.strings; name = cs; path = cs.lproj/LaunchScreen.strings; sourceTree = "<group>"; };
		CE07D440242B6EF3001F8311 /* cs */ = {isa = PBXFileReference; lastKnownFileType = text.plist.strings; name = cs; path = cs.lproj/Localizable.strings; sourceTree = "<group>"; };
		CE52960424280E910003D4D9 /* Story.swift */ = {isa = PBXFileReference; lastKnownFileType = sourcecode.swift; path = Story.swift; sourceTree = "<group>"; };
		CE529606242813500003D4D9 /* Color+Hex.swift */ = {isa = PBXFileReference; lastKnownFileType = sourcecode.swift; path = "Color+Hex.swift"; sourceTree = "<group>"; };
		CE52960B24281E380003D4D9 /* FeedViewModel.swift */ = {isa = PBXFileReference; lastKnownFileType = sourcecode.swift; path = FeedViewModel.swift; sourceTree = "<group>"; };
		CE52960D242B62F70003D4D9 /* Theme.swift */ = {isa = PBXFileReference; lastKnownFileType = sourcecode.swift; path = Theme.swift; sourceTree = "<group>"; };
		CE529612242B661B0003D4D9 /* Log.swift */ = {isa = PBXFileReference; lastKnownFileType = sourcecode.swift; path = Log.swift; sourceTree = "<group>"; };
		CE529618242B6AF20003D4D9 /* Localization.swift */ = {isa = PBXFileReference; lastKnownFileType = sourcecode.swift; path = Localization.swift; sourceTree = "<group>"; };
		CEA095502427EAB200F81928 /* Steller.app */ = {isa = PBXFileReference; explicitFileType = wrapper.application; includeInIndex = 0; path = Steller.app; sourceTree = BUILT_PRODUCTS_DIR; };
		CEA095532427EAB200F81928 /* AppDelegate.swift */ = {isa = PBXFileReference; lastKnownFileType = sourcecode.swift; path = AppDelegate.swift; sourceTree = "<group>"; };
		CEA095552427EAB200F81928 /* SceneDelegate.swift */ = {isa = PBXFileReference; lastKnownFileType = sourcecode.swift; path = SceneDelegate.swift; sourceTree = "<group>"; };
		CEA095572427EAB200F81928 /* ContentView.swift */ = {isa = PBXFileReference; lastKnownFileType = sourcecode.swift; path = ContentView.swift; sourceTree = "<group>"; };
		CEA095592427EAB500F81928 /* Assets.xcassets */ = {isa = PBXFileReference; lastKnownFileType = folder.assetcatalog; path = Assets.xcassets; sourceTree = "<group>"; };
		CEA0955C2427EAB500F81928 /* Preview Assets.xcassets */ = {isa = PBXFileReference; lastKnownFileType = folder.assetcatalog; path = "Preview Assets.xcassets"; sourceTree = "<group>"; };
		CEA095612427EAB500F81928 /* Info.plist */ = {isa = PBXFileReference; lastKnownFileType = text.plist.xml; path = Info.plist; sourceTree = "<group>"; };
		CEA095662427EAB600F81928 /* StellerTests.xctest */ = {isa = PBXFileReference; explicitFileType = wrapper.cfbundle; includeInIndex = 0; path = StellerTests.xctest; sourceTree = BUILT_PRODUCTS_DIR; };
		CEA0956A2427EAB600F81928 /* StellerTests.swift */ = {isa = PBXFileReference; lastKnownFileType = sourcecode.swift; path = StellerTests.swift; sourceTree = "<group>"; };
		CEA0956C2427EAB600F81928 /* Info.plist */ = {isa = PBXFileReference; lastKnownFileType = text.plist.xml; path = Info.plist; sourceTree = "<group>"; };
		CEA095712427EAB600F81928 /* StellerUITests.xctest */ = {isa = PBXFileReference; explicitFileType = wrapper.cfbundle; includeInIndex = 0; path = StellerUITests.xctest; sourceTree = BUILT_PRODUCTS_DIR; };
		CEA095752427EAB600F81928 /* StellerUITests.swift */ = {isa = PBXFileReference; lastKnownFileType = sourcecode.swift; path = StellerUITests.swift; sourceTree = "<group>"; };
		CEA095772427EAB600F81928 /* Info.plist */ = {isa = PBXFileReference; lastKnownFileType = text.plist.xml; path = Info.plist; sourceTree = "<group>"; };
		CEA095892427F21200F81928 /* Card.swift */ = {isa = PBXFileReference; fileEncoding = 4; lastKnownFileType = sourcecode.swift; path = Card.swift; sourceTree = "<group>"; };
		CEA0958B2428024800F81928 /* HostingViewController.swift */ = {isa = PBXFileReference; lastKnownFileType = sourcecode.swift; path = HostingViewController.swift; sourceTree = "<group>"; };
/* End PBXFileReference section */

/* Begin PBXFrameworksBuildPhase section */
		CEA0954D2427EAB200F81928 /* Frameworks */ = {
			isa = PBXFrameworksBuildPhase;
			buildActionMask = 2147483647;
			files = (
				CEA095882427ED6900F81928 /* Grid in Frameworks */,
				CE52960A242816150003D4D9 /* URLImage in Frameworks */,
				CEA095852427EB0600F81928 /* Swinject in Frameworks */,
			);
			runOnlyForDeploymentPostprocessing = 0;
		};
		CEA095632427EAB600F81928 /* Frameworks */ = {
			isa = PBXFrameworksBuildPhase;
			buildActionMask = 2147483647;
			files = (
			);
			runOnlyForDeploymentPostprocessing = 0;
		};
		CEA0956E2427EAB600F81928 /* Frameworks */ = {
			isa = PBXFrameworksBuildPhase;
			buildActionMask = 2147483647;
			files = (
			);
			runOnlyForDeploymentPostprocessing = 0;
		};
/* End PBXFrameworksBuildPhase section */

/* Begin PBXGroup section */
		CE52960F242B655E0003D4D9 /* Model */ = {
			isa = PBXGroup;
			children = (
				CE52960424280E910003D4D9 /* Story.swift */,
			);
			path = Model;
			sourceTree = "<group>";
		};
		CE529614242B66200003D4D9 /* Helper */ = {
			isa = PBXGroup;
			children = (
				CE529606242813500003D4D9 /* Color+Hex.swift */,
				CE529612242B661B0003D4D9 /* Log.swift */,
			);
			path = Helper;
			sourceTree = "<group>";
		};
		CE529617242B6AAF0003D4D9 /* Project */ = {
			isa = PBXGroup;
			children = (
				CEA095532427EAB200F81928 /* AppDelegate.swift */,
				CEA095552427EAB200F81928 /* SceneDelegate.swift */,
				CEA0958B2428024800F81928 /* HostingViewController.swift */,
				CEA095592427EAB500F81928 /* Assets.xcassets */,
				CEA0955E2427EAB500F81928 /* LaunchScreen.storyboard */,
			);
			path = Project;
			sourceTree = "<group>";
		};
		CE52961C242B6B2C0003D4D9 /* Assets */ = {
			isa = PBXGroup;
			children = (
				CE52960D242B62F70003D4D9 /* Theme.swift */,
				CE529618242B6AF20003D4D9 /* Localization.swift */,
			);
			path = Assets;
			sourceTree = "<group>";
		};
		CEA095472427EAB200F81928 = {
			isa = PBXGroup;
			children = (
				CEA095522427EAB200F81928 /* Steller */,
				CEA095692427EAB600F81928 /* StellerTests */,
				CEA095742427EAB600F81928 /* StellerUITests */,
				CEA095512427EAB200F81928 /* Products */,
			);
			sourceTree = "<group>";
		};
		CEA095512427EAB200F81928 /* Products */ = {
			isa = PBXGroup;
			children = (
				CEA095502427EAB200F81928 /* Steller.app */,
				CEA095662427EAB600F81928 /* StellerTests.xctest */,
				CEA095712427EAB600F81928 /* StellerUITests.xctest */,
			);
			name = Products;
			sourceTree = "<group>";
		};
		CEA095522427EAB200F81928 /* Steller */ = {
			isa = PBXGroup;
			children = (
				CEA095612427EAB500F81928 /* Info.plist */,
				CE529617242B6AAF0003D4D9 /* Project */,
				CEA095572427EAB200F81928 /* ContentView.swift */,
				CE52960B24281E380003D4D9 /* FeedViewModel.swift */,
				CEA095892427F21200F81928 /* Card.swift */,
				CE52960F242B655E0003D4D9 /* Model */,
				CE529614242B66200003D4D9 /* Helper */,
				CE52961C242B6B2C0003D4D9 /* Assets */,
				CEA0955B2427EAB500F81928 /* Preview Content */,
				CE07D438242B6D6A001F8311 /* Localizable.strings */,
			);
			path = Steller;
			sourceTree = "<group>";
		};
		CEA0955B2427EAB500F81928 /* Preview Content */ = {
			isa = PBXGroup;
			children = (
				CEA0955C2427EAB500F81928 /* Preview Assets.xcassets */,
			);
			path = "Preview Content";
			sourceTree = "<group>";
		};
		CEA095692427EAB600F81928 /* StellerTests */ = {
			isa = PBXGroup;
			children = (
				CEA0956A2427EAB600F81928 /* StellerTests.swift */,
				CEA0956C2427EAB600F81928 /* Info.plist */,
			);
			path = StellerTests;
			sourceTree = "<group>";
		};
		CEA095742427EAB600F81928 /* StellerUITests */ = {
			isa = PBXGroup;
			children = (
				CEA095752427EAB600F81928 /* StellerUITests.swift */,
				CEA095772427EAB600F81928 /* Info.plist */,
			);
			path = StellerUITests;
			sourceTree = "<group>";
		};
/* End PBXGroup section */

/* Begin PBXNativeTarget section */
		CEA0954F2427EAB200F81928 /* Steller */ = {
			isa = PBXNativeTarget;
			buildConfigurationList = CEA0957A2427EAB600F81928 /* Build configuration list for PBXNativeTarget "Steller" */;
			buildPhases = (
				CEA0954C2427EAB200F81928 /* Sources */,
				CEA0954D2427EAB200F81928 /* Frameworks */,
				CEA0954E2427EAB200F81928 /* Resources */,
			);
			buildRules = (
			);
			dependencies = (
			);
			name = Steller;
			packageProductDependencies = (
				CEA095842427EB0600F81928 /* Swinject */,
				CEA095872427ED6900F81928 /* Grid */,
				CE529609242816150003D4D9 /* URLImage */,
			);
			productName = Steller;
			productReference = CEA095502427EAB200F81928 /* Steller.app */;
			productType = "com.apple.product-type.application";
		};
		CEA095652427EAB600F81928 /* StellerTests */ = {
			isa = PBXNativeTarget;
			buildConfigurationList = CEA0957D2427EAB600F81928 /* Build configuration list for PBXNativeTarget "StellerTests" */;
			buildPhases = (
				CEA095622427EAB600F81928 /* Sources */,
				CEA095632427EAB600F81928 /* Frameworks */,
				CEA095642427EAB600F81928 /* Resources */,
			);
			buildRules = (
			);
			dependencies = (
				CEA095682427EAB600F81928 /* PBXTargetDependency */,
			);
			name = StellerTests;
			productName = StellerTests;
			productReference = CEA095662427EAB600F81928 /* StellerTests.xctest */;
			productType = "com.apple.product-type.bundle.unit-test";
		};
		CEA095702427EAB600F81928 /* StellerUITests */ = {
			isa = PBXNativeTarget;
			buildConfigurationList = CEA095802427EAB600F81928 /* Build configuration list for PBXNativeTarget "StellerUITests" */;
			buildPhases = (
				CEA0956D2427EAB600F81928 /* Sources */,
				CEA0956E2427EAB600F81928 /* Frameworks */,
				CEA0956F2427EAB600F81928 /* Resources */,
			);
			buildRules = (
			);
			dependencies = (
				CEA095732427EAB600F81928 /* PBXTargetDependency */,
			);
			name = StellerUITests;
			productName = StellerUITests;
			productReference = CEA095712427EAB600F81928 /* StellerUITests.xctest */;
			productType = "com.apple.product-type.bundle.ui-testing";
		};
/* End PBXNativeTarget section */

/* Begin PBXProject section */
		CEA095482427EAB200F81928 /* Project object */ = {
			isa = PBXProject;
			attributes = {
				LastSwiftUpdateCheck = 1130;
				LastUpgradeCheck = 1130;
				ORGANIZATIONNAME = "Curly Bracers";
				TargetAttributes = {
					CEA0954F2427EAB200F81928 = {
						CreatedOnToolsVersion = 11.3.1;
					};
					CEA095652427EAB600F81928 = {
						CreatedOnToolsVersion = 11.3.1;
						TestTargetID = CEA0954F2427EAB200F81928;
					};
					CEA095702427EAB600F81928 = {
						CreatedOnToolsVersion = 11.3.1;
						TestTargetID = CEA0954F2427EAB200F81928;
					};
				};
			};
			buildConfigurationList = CEA0954B2427EAB200F81928 /* Build configuration list for PBXProject "Steller" */;
			compatibilityVersion = "Xcode 9.3";
			developmentRegion = en;
			hasScannedForEncodings = 0;
			knownRegions = (
				en,
				Base,
				cs,
			);
			mainGroup = CEA095472427EAB200F81928;
			packageReferences = (
				CEA095832427EB0600F81928 /* XCRemoteSwiftPackageReference "Swinject" */,
				CEA095862427ED6900F81928 /* XCRemoteSwiftPackageReference "swiftui-extensions" */,
				CE529608242816150003D4D9 /* XCRemoteSwiftPackageReference "url-image" */,
			);
			productRefGroup = CEA095512427EAB200F81928 /* Products */;
			projectDirPath = "";
			projectRoot = "";
			targets = (
				CEA0954F2427EAB200F81928 /* Steller */,
				CEA095652427EAB600F81928 /* StellerTests */,
				CEA095702427EAB600F81928 /* StellerUITests */,
			);
		};
/* End PBXProject section */

/* Begin PBXResourcesBuildPhase section */
		CEA0954E2427EAB200F81928 /* Resources */ = {
			isa = PBXResourcesBuildPhase;
			buildActionMask = 2147483647;
			files = (
				CEA095602427EAB500F81928 /* LaunchScreen.storyboard in Resources */,
				CE07D436242B6D6A001F8311 /* Localizable.strings in Resources */,
				CEA0955D2427EAB500F81928 /* Preview Assets.xcassets in Resources */,
				CEA0955A2427EAB500F81928 /* Assets.xcassets in Resources */,
			);
			runOnlyForDeploymentPostprocessing = 0;
		};
		CEA095642427EAB600F81928 /* Resources */ = {
			isa = PBXResourcesBuildPhase;
			buildActionMask = 2147483647;
			files = (
			);
			runOnlyForDeploymentPostprocessing = 0;
		};
		CEA0956F2427EAB600F81928 /* Resources */ = {
			isa = PBXResourcesBuildPhase;
			buildActionMask = 2147483647;
			files = (
			);
			runOnlyForDeploymentPostprocessing = 0;
		};
/* End PBXResourcesBuildPhase section */

/* Begin PBXSourcesBuildPhase section */
		CEA0954C2427EAB200F81928 /* Sources */ = {
			isa = PBXSourcesBuildPhase;
			buildActionMask = 2147483647;
			files = (
				CE52960E242B62F70003D4D9 /* Theme.swift in Sources */,
				CE529619242B6AF20003D4D9 /* Localization.swift in Sources */,
				CE529607242813500003D4D9 /* Color+Hex.swift in Sources */,
				CE529613242B661B0003D4D9 /* Log.swift in Sources */,
				CEA095542427EAB200F81928 /* AppDelegate.swift in Sources */,
				CEA095562427EAB200F81928 /* SceneDelegate.swift in Sources */,
				CEA095582427EAB200F81928 /* ContentView.swift in Sources */,
				CEA0958C2428024800F81928 /* HostingViewController.swift in Sources */,
				CEA0958A2427F21200F81928 /* Card.swift in Sources */,
				CE52960C24281E380003D4D9 /* FeedViewModel.swift in Sources */,
				CE52960524280E910003D4D9 /* Story.swift in Sources */,
			);
			runOnlyForDeploymentPostprocessing = 0;
		};
		CEA095622427EAB600F81928 /* Sources */ = {
			isa = PBXSourcesBuildPhase;
			buildActionMask = 2147483647;
			files = (
				CEA0956B2427EAB600F81928 /* StellerTests.swift in Sources */,
			);
			runOnlyForDeploymentPostprocessing = 0;
		};
		CEA0956D2427EAB600F81928 /* Sources */ = {
			isa = PBXSourcesBuildPhase;
			buildActionMask = 2147483647;
			files = (
				CEA095762427EAB600F81928 /* StellerUITests.swift in Sources */,
			);
			runOnlyForDeploymentPostprocessing = 0;
		};
/* End PBXSourcesBuildPhase section */

/* Begin PBXTargetDependency section */
		CEA095682427EAB600F81928 /* PBXTargetDependency */ = {
			isa = PBXTargetDependency;
			target = CEA0954F2427EAB200F81928 /* Steller */;
			targetProxy = CEA095672427EAB600F81928 /* PBXContainerItemProxy */;
		};
		CEA095732427EAB600F81928 /* PBXTargetDependency */ = {
			isa = PBXTargetDependency;
			target = CEA0954F2427EAB200F81928 /* Steller */;
			targetProxy = CEA095722427EAB600F81928 /* PBXContainerItemProxy */;
		};
/* End PBXTargetDependency section */

/* Begin PBXVariantGroup section */
		CE07D438242B6D6A001F8311 /* Localizable.strings */ = {
			isa = PBXVariantGroup;
			children = (
				CE07D437242B6D6A001F8311 /* en */,
				CE07D440242B6EF3001F8311 /* cs */,
			);
			name = Localizable.strings;
			sourceTree = "<group>";
		};
		CEA0955E2427EAB500F81928 /* LaunchScreen.storyboard */ = {
			isa = PBXVariantGroup;
			children = (
				CE07D43E242B6EE1001F8311 /* Base */,
				CE07D43F242B6EF3001F8311 /* cs */,
			);
			name = LaunchScreen.storyboard;
			sourceTree = "<group>";
		};
/* End PBXVariantGroup section */

/* Begin XCBuildConfiguration section */
		CEA095782427EAB600F81928 /* Debug */ = {
			isa = XCBuildConfiguration;
			buildSettings = {
				ALWAYS_SEARCH_USER_PATHS = NO;
				CLANG_ANALYZER_LOCALIZABILITY_NONLOCALIZED = YES;
				CLANG_ANALYZER_NONNULL = YES;
				CLANG_ANALYZER_NUMBER_OBJECT_CONVERSION = YES_AGGRESSIVE;
				CLANG_CXX_LANGUAGE_STANDARD = "gnu++14";
				CLANG_CXX_LIBRARY = "libc++";
				CLANG_ENABLE_MODULES = YES;
				CLANG_ENABLE_OBJC_ARC = YES;
				CLANG_ENABLE_OBJC_WEAK = YES;
				CLANG_WARN_BLOCK_CAPTURE_AUTORELEASING = YES;
				CLANG_WARN_BOOL_CONVERSION = YES;
				CLANG_WARN_COMMA = YES;
				CLANG_WARN_CONSTANT_CONVERSION = YES;
				CLANG_WARN_DEPRECATED_OBJC_IMPLEMENTATIONS = YES;
				CLANG_WARN_DIRECT_OBJC_ISA_USAGE = YES_ERROR;
				CLANG_WARN_DOCUMENTATION_COMMENTS = YES;
				CLANG_WARN_EMPTY_BODY = YES;
				CLANG_WARN_ENUM_CONVERSION = YES;
				CLANG_WARN_INFINITE_RECURSION = YES;
				CLANG_WARN_INT_CONVERSION = YES;
				CLANG_WARN_NON_LITERAL_NULL_CONVERSION = YES;
				CLANG_WARN_OBJC_IMPLICIT_RETAIN_SELF = YES;
				CLANG_WARN_OBJC_LITERAL_CONVERSION = YES;
				CLANG_WARN_OBJC_ROOT_CLASS = YES_ERROR;
				CLANG_WARN_RANGE_LOOP_ANALYSIS = YES;
				CLANG_WARN_STRICT_PROTOTYPES = YES;
				CLANG_WARN_SUSPICIOUS_MOVE = YES;
				CLANG_WARN_UNGUARDED_AVAILABILITY = YES_AGGRESSIVE;
				CLANG_WARN_UNREACHABLE_CODE = YES;
				CLANG_WARN__DUPLICATE_METHOD_MATCH = YES;
				COPY_PHASE_STRIP = NO;
				DEBUG_INFORMATION_FORMAT = dwarf;
				ENABLE_STRICT_OBJC_MSGSEND = YES;
				ENABLE_TESTABILITY = YES;
				GCC_C_LANGUAGE_STANDARD = gnu11;
				GCC_DYNAMIC_NO_PIC = NO;
				GCC_NO_COMMON_BLOCKS = YES;
				GCC_OPTIMIZATION_LEVEL = 0;
				GCC_PREPROCESSOR_DEFINITIONS = (
					"DEBUG=1",
					"$(inherited)",
				);
				GCC_WARN_64_TO_32_BIT_CONVERSION = YES;
				GCC_WARN_ABOUT_RETURN_TYPE = YES_ERROR;
				GCC_WARN_UNDECLARED_SELECTOR = YES;
				GCC_WARN_UNINITIALIZED_AUTOS = YES_AGGRESSIVE;
				GCC_WARN_UNUSED_FUNCTION = YES;
				GCC_WARN_UNUSED_VARIABLE = YES;
				IPHONEOS_DEPLOYMENT_TARGET = 13.2;
				MTL_ENABLE_DEBUG_INFO = INCLUDE_SOURCE;
				MTL_FAST_MATH = YES;
				ONLY_ACTIVE_ARCH = YES;
				SDKROOT = iphoneos;
				SWIFT_ACTIVE_COMPILATION_CONDITIONS = DEBUG;
				SWIFT_OPTIMIZATION_LEVEL = "-Onone";
			};
			name = Debug;
		};
		CEA095792427EAB600F81928 /* Release */ = {
			isa = XCBuildConfiguration;
			buildSettings = {
				ALWAYS_SEARCH_USER_PATHS = NO;
				CLANG_ANALYZER_LOCALIZABILITY_NONLOCALIZED = YES;
				CLANG_ANALYZER_NONNULL = YES;
				CLANG_ANALYZER_NUMBER_OBJECT_CONVERSION = YES_AGGRESSIVE;
				CLANG_CXX_LANGUAGE_STANDARD = "gnu++14";
				CLANG_CXX_LIBRARY = "libc++";
				CLANG_ENABLE_MODULES = YES;
				CLANG_ENABLE_OBJC_ARC = YES;
				CLANG_ENABLE_OBJC_WEAK = YES;
				CLANG_WARN_BLOCK_CAPTURE_AUTORELEASING = YES;
				CLANG_WARN_BOOL_CONVERSION = YES;
				CLANG_WARN_COMMA = YES;
				CLANG_WARN_CONSTANT_CONVERSION = YES;
				CLANG_WARN_DEPRECATED_OBJC_IMPLEMENTATIONS = YES;
				CLANG_WARN_DIRECT_OBJC_ISA_USAGE = YES_ERROR;
				CLANG_WARN_DOCUMENTATION_COMMENTS = YES;
				CLANG_WARN_EMPTY_BODY = YES;
				CLANG_WARN_ENUM_CONVERSION = YES;
				CLANG_WARN_INFINITE_RECURSION = YES;
				CLANG_WARN_INT_CONVERSION = YES;
				CLANG_WARN_NON_LITERAL_NULL_CONVERSION = YES;
				CLANG_WARN_OBJC_IMPLICIT_RETAIN_SELF = YES;
				CLANG_WARN_OBJC_LITERAL_CONVERSION = YES;
				CLANG_WARN_OBJC_ROOT_CLASS = YES_ERROR;
				CLANG_WARN_RANGE_LOOP_ANALYSIS = YES;
				CLANG_WARN_STRICT_PROTOTYPES = YES;
				CLANG_WARN_SUSPICIOUS_MOVE = YES;
				CLANG_WARN_UNGUARDED_AVAILABILITY = YES_AGGRESSIVE;
				CLANG_WARN_UNREACHABLE_CODE = YES;
				CLANG_WARN__DUPLICATE_METHOD_MATCH = YES;
				COPY_PHASE_STRIP = NO;
				DEBUG_INFORMATION_FORMAT = "dwarf-with-dsym";
				ENABLE_NS_ASSERTIONS = NO;
				ENABLE_STRICT_OBJC_MSGSEND = YES;
				GCC_C_LANGUAGE_STANDARD = gnu11;
				GCC_NO_COMMON_BLOCKS = YES;
				GCC_WARN_64_TO_32_BIT_CONVERSION = YES;
				GCC_WARN_ABOUT_RETURN_TYPE = YES_ERROR;
				GCC_WARN_UNDECLARED_SELECTOR = YES;
				GCC_WARN_UNINITIALIZED_AUTOS = YES_AGGRESSIVE;
				GCC_WARN_UNUSED_FUNCTION = YES;
				GCC_WARN_UNUSED_VARIABLE = YES;
				IPHONEOS_DEPLOYMENT_TARGET = 13.2;
				MTL_ENABLE_DEBUG_INFO = NO;
				MTL_FAST_MATH = YES;
				SDKROOT = iphoneos;
				SWIFT_COMPILATION_MODE = wholemodule;
				SWIFT_OPTIMIZATION_LEVEL = "-O";
				VALIDATE_PRODUCT = YES;
			};
			name = Release;
		};
		CEA0957B2427EAB600F81928 /* Debug */ = {
			isa = XCBuildConfiguration;
			buildSettings = {
				ASSETCATALOG_COMPILER_APPICON_NAME = AppIcon;
				CODE_SIGN_STYLE = Automatic;
				DEVELOPMENT_ASSET_PATHS = "\"Steller/Preview Content\"";
				ENABLE_PREVIEWS = YES;
				INFOPLIST_FILE = Steller/Info.plist;
				LD_RUNPATH_SEARCH_PATHS = (
					"$(inherited)",
					"@executable_path/Frameworks",
				);
				PRODUCT_BUNDLE_IDENTIFIER = curlybracers.Steller;
				PRODUCT_NAME = "$(TARGET_NAME)";
				SWIFT_VERSION = 5.0;
				TARGETED_DEVICE_FAMILY = "1,2";
			};
			name = Debug;
		};
		CEA0957C2427EAB600F81928 /* Release */ = {
			isa = XCBuildConfiguration;
			buildSettings = {
				ASSETCATALOG_COMPILER_APPICON_NAME = AppIcon;
				CODE_SIGN_STYLE = Automatic;
				DEVELOPMENT_ASSET_PATHS = "\"Steller/Preview Content\"";
				ENABLE_PREVIEWS = YES;
				INFOPLIST_FILE = Steller/Info.plist;
				LD_RUNPATH_SEARCH_PATHS = (
					"$(inherited)",
					"@executable_path/Frameworks",
				);
				PRODUCT_BUNDLE_IDENTIFIER = curlybracers.Steller;
				PRODUCT_NAME = "$(TARGET_NAME)";
				SWIFT_VERSION = 5.0;
				TARGETED_DEVICE_FAMILY = "1,2";
			};
			name = Release;
		};
		CEA0957E2427EAB600F81928 /* Debug */ = {
			isa = XCBuildConfiguration;
			buildSettings = {
				ALWAYS_EMBED_SWIFT_STANDARD_LIBRARIES = YES;
				BUNDLE_LOADER = "$(TEST_HOST)";
				CODE_SIGN_STYLE = Automatic;
				INFOPLIST_FILE = StellerTests/Info.plist;
				IPHONEOS_DEPLOYMENT_TARGET = 13.2;
				LD_RUNPATH_SEARCH_PATHS = (
					"$(inherited)",
					"@executable_path/Frameworks",
					"@loader_path/Frameworks",
				);
				PRODUCT_BUNDLE_IDENTIFIER = curlybracers.StellerTests;
				PRODUCT_NAME = "$(TARGET_NAME)";
				SWIFT_VERSION = 5.0;
				TARGETED_DEVICE_FAMILY = "1,2";
				TEST_HOST = "$(BUILT_PRODUCTS_DIR)/Steller.app/Steller";
			};
			name = Debug;
		};
		CEA0957F2427EAB600F81928 /* Release */ = {
			isa = XCBuildConfiguration;
			buildSettings = {
				ALWAYS_EMBED_SWIFT_STANDARD_LIBRARIES = YES;
				BUNDLE_LOADER = "$(TEST_HOST)";
				CODE_SIGN_STYLE = Automatic;
				INFOPLIST_FILE = StellerTests/Info.plist;
				IPHONEOS_DEPLOYMENT_TARGET = 13.2;
				LD_RUNPATH_SEARCH_PATHS = (
					"$(inherited)",
					"@executable_path/Frameworks",
					"@loader_path/Frameworks",
				);
				PRODUCT_BUNDLE_IDENTIFIER = curlybracers.StellerTests;
				PRODUCT_NAME = "$(TARGET_NAME)";
				SWIFT_VERSION = 5.0;
				TARGETED_DEVICE_FAMILY = "1,2";
				TEST_HOST = "$(BUILT_PRODUCTS_DIR)/Steller.app/Steller";
			};
			name = Release;
		};
		CEA095812427EAB600F81928 /* Debug */ = {
			isa = XCBuildConfiguration;
			buildSettings = {
				ALWAYS_EMBED_SWIFT_STANDARD_LIBRARIES = YES;
				CODE_SIGN_STYLE = Automatic;
				INFOPLIST_FILE = StellerUITests/Info.plist;
				LD_RUNPATH_SEARCH_PATHS = (
					"$(inherited)",
					"@executable_path/Frameworks",
					"@loader_path/Frameworks",
				);
				PRODUCT_BUNDLE_IDENTIFIER = curlybracers.StellerUITests;
				PRODUCT_NAME = "$(TARGET_NAME)";
				SWIFT_VERSION = 5.0;
				TARGETED_DEVICE_FAMILY = "1,2";
				TEST_TARGET_NAME = Steller;
			};
			name = Debug;
		};
		CEA095822427EAB600F81928 /* Release */ = {
			isa = XCBuildConfiguration;
			buildSettings = {
				ALWAYS_EMBED_SWIFT_STANDARD_LIBRARIES = YES;
				CODE_SIGN_STYLE = Automatic;
				INFOPLIST_FILE = StellerUITests/Info.plist;
				LD_RUNPATH_SEARCH_PATHS = (
					"$(inherited)",
					"@executable_path/Frameworks",
					"@loader_path/Frameworks",
				);
				PRODUCT_BUNDLE_IDENTIFIER = curlybracers.StellerUITests;
				PRODUCT_NAME = "$(TARGET_NAME)";
				SWIFT_VERSION = 5.0;
				TARGETED_DEVICE_FAMILY = "1,2";
				TEST_TARGET_NAME = Steller;
			};
			name = Release;
		};
/* End XCBuildConfiguration section */

/* Begin XCConfigurationList section */
		CEA0954B2427EAB200F81928 /* Build configuration list for PBXProject "Steller" */ = {
			isa = XCConfigurationList;
			buildConfigurations = (
				CEA095782427EAB600F81928 /* Debug */,
				CEA095792427EAB600F81928 /* Release */,
			);
			defaultConfigurationIsVisible = 0;
			defaultConfigurationName = Release;
		};
		CEA0957A2427EAB600F81928 /* Build configuration list for PBXNativeTarget "Steller" */ = {
			isa = XCConfigurationList;
			buildConfigurations = (
				CEA0957B2427EAB600F81928 /* Debug */,
				CEA0957C2427EAB600F81928 /* Release */,
			);
			defaultConfigurationIsVisible = 0;
			defaultConfigurationName = Release;
		};
		CEA0957D2427EAB600F81928 /* Build configuration list for PBXNativeTarget "StellerTests" */ = {
			isa = XCConfigurationList;
			buildConfigurations = (
				CEA0957E2427EAB600F81928 /* Debug */,
				CEA0957F2427EAB600F81928 /* Release */,
			);
			defaultConfigurationIsVisible = 0;
			defaultConfigurationName = Release;
		};
		CEA095802427EAB600F81928 /* Build configuration list for PBXNativeTarget "StellerUITests" */ = {
			isa = XCConfigurationList;
			buildConfigurations = (
				CEA095812427EAB600F81928 /* Debug */,
				CEA095822427EAB600F81928 /* Release */,
			);
			defaultConfigurationIsVisible = 0;
			defaultConfigurationName = Release;
		};
/* End XCConfigurationList section */

/* Begin XCRemoteSwiftPackageReference section */
		CE529608242816150003D4D9 /* XCRemoteSwiftPackageReference "url-image" */ = {
			isa = XCRemoteSwiftPackageReference;
			repositoryURL = "https://github.com/dmytro-anokhin/url-image";
			requirement = {
				kind = upToNextMajorVersion;
				minimumVersion = 0.9.12;
			};
		};
		CEA095832427EB0600F81928 /* XCRemoteSwiftPackageReference "Swinject" */ = {
			isa = XCRemoteSwiftPackageReference;
			repositoryURL = "https://github.com/Swinject/Swinject.git";
			requirement = {
				kind = upToNextMajorVersion;
				minimumVersion = 2.7.1;
			};
		};
		CEA095862427ED6900F81928 /* XCRemoteSwiftPackageReference "swiftui-extensions" */ = {
			isa = XCRemoteSwiftPackageReference;
			repositoryURL = "https://github.com/swift-extensions/swiftui-extensions.git";
			requirement = {
				kind = upToNextMajorVersion;
				minimumVersion = 1.0.0;
			};
		};
/* End XCRemoteSwiftPackageReference section */

/* Begin XCSwiftPackageProductDependency section */
		CE529609242816150003D4D9 /* URLImage */ = {
			isa = XCSwiftPackageProductDependency;
			package = CE529608242816150003D4D9 /* XCRemoteSwiftPackageReference "url-image" */;
			productName = URLImage;
		};
		CEA095842427EB0600F81928 /* Swinject */ = {
			isa = XCSwiftPackageProductDependency;
			package = CEA095832427EB0600F81928 /* XCRemoteSwiftPackageReference "Swinject" */;
			productName = Swinject;
		};
		CEA095872427ED6900F81928 /* Grid */ = {
			isa = XCSwiftPackageProductDependency;
			package = CEA095862427ED6900F81928 /* XCRemoteSwiftPackageReference "swiftui-extensions" */;
			productName = Grid;
		};
/* End XCSwiftPackageProductDependency section */
	};
	rootObject = CEA095482427EAB200F81928 /* Project object */;
}
